// !$*UTF8*$!
{
	archiveVersion = 1;
	classes = {
	};
	objectVersion = 48;
	objects = {

/* Begin PBXBuildFile section */
		24E525C5E3031ACD72A7CC25 /* Pods_FootyScores.framework in Frameworks */ = {isa = PBXBuildFile; fileRef = 1F22B09148202B780B08F9F4 /* Pods_FootyScores.framework */; };
		5B05E64A1F9D56E300E62B75 /* EventDetailTableViewCell.swift in Sources */ = {isa = PBXBuildFile; fileRef = 5B05E6491F9D56E300E62B75 /* EventDetailTableViewCell.swift */; };
		5B067DDD1F9D3F5C00AA3EBB /* EventsDetailViewController.swift in Sources */ = {isa = PBXBuildFile; fileRef = 5B067DDC1F9D3F5C00AA3EBB /* EventsDetailViewController.swift */; };
		5B14C8FC1F9414E0002E16D6 /* AppDelegate.swift in Sources */ = {isa = PBXBuildFile; fileRef = 5B14C8FB1F9414E0002E16D6 /* AppDelegate.swift */; };
		5B14C8FE1F9414E0002E16D6 /* EventsViewController.swift in Sources */ = {isa = PBXBuildFile; fileRef = 5B14C8FD1F9414E0002E16D6 /* EventsViewController.swift */; };
		5B14C9001F9414E0002E16D6 /* FavoritesViewController.swift in Sources */ = {isa = PBXBuildFile; fileRef = 5B14C8FF1F9414E0002E16D6 /* FavoritesViewController.swift */; };
		5B14C9031F9414E0002E16D6 /* Main.storyboard in Resources */ = {isa = PBXBuildFile; fileRef = 5B14C9011F9414E0002E16D6 /* Main.storyboard */; };
		5B14C9051F9414E0002E16D6 /* Assets.xcassets in Resources */ = {isa = PBXBuildFile; fileRef = 5B14C9041F9414E0002E16D6 /* Assets.xcassets */; };
		5B14C9081F9414E0002E16D6 /* LaunchScreen.storyboard in Resources */ = {isa = PBXBuildFile; fileRef = 5B14C9061F9414E0002E16D6 /* LaunchScreen.storyboard */; };
		5B55E2171F9B8624001A9981 /* SwiftyJSON.framework in Frameworks */ = {isa = PBXBuildFile; fileRef = 5B55E2181F9B8624001A9981 /* SwiftyJSON.framework */; };
		5B55E2191F9B862C001A9981 /* Alamofire.framework in Frameworks */ = {isa = PBXBuildFile; fileRef = 5B55E21A1F9B862C001A9981 /* Alamofire.framework */; };
		5B58F6F81F9C077B00A027BB /* DateUtil.swift in Sources */ = {isa = PBXBuildFile; fileRef = 5B58F6F71F9C077B00A027BB /* DateUtil.swift */; };
		5B6D71011F9687ED00445813 /* ApiFootballClient.swift in Sources */ = {isa = PBXBuildFile; fileRef = 5B6D71001F9687EC00445813 /* ApiFootballClient.swift */; };
		5B6D71041F968C9400445813 /* EventService.swift in Sources */ = {isa = PBXBuildFile; fileRef = 5B6D71031F968C9400445813 /* EventService.swift */; };
		5B6D71071F968F5B00445813 /* Event.swift in Sources */ = {isa = PBXBuildFile; fileRef = 5B6D71061F968F5B00445813 /* Event.swift */; };
		5B70322A1F9536DE0022147F /* EventTableViewCell.swift in Sources */ = {isa = PBXBuildFile; fileRef = 5B7032291F9536DE0022147F /* EventTableViewCell.swift */; };
		5B90FDF31F9DF7810085215F /* NotificationService.swift in Sources */ = {isa = PBXBuildFile; fileRef = 5B90FDF21F9DF7810085215F /* NotificationService.swift */; };
		5BAE47A21F9D4E9800DEA537 /* Card.swift in Sources */ = {isa = PBXBuildFile; fileRef = 5BAE47A11F9D4E9800DEA537 /* Card.swift */; };
		5BAE47A41F9D4F1B00DEA537 /* Goal.swift in Sources */ = {isa = PBXBuildFile; fileRef = 5BAE47A31F9D4F1B00DEA537 /* Goal.swift */; };
		5BBD4F881F9ABC48001245EC /* EventsTableViewDataSource.swift in Sources */ = {isa = PBXBuildFile; fileRef = 5BBD4F871F9ABC48001245EC /* EventsTableViewDataSource.swift */; };
		5BBD4F8E1F9AC2B8001245EC /* FootyScores.xcdatamodeld in Sources */ = {isa = PBXBuildFile; fileRef = 5BBD4F8C1F9AC2B8001245EC /* FootyScores.xcdatamodeld */; };
		5BC8BF201F9DFD1000E04749 /* FavoriteService.swift in Sources */ = {isa = PBXBuildFile; fileRef = 5BC8BF1F1F9DFD1000E04749 /* FavoriteService.swift */; };
		5BC8BF221F9E028500E04749 /* Favorite.swift in Sources */ = {isa = PBXBuildFile; fileRef = 5BC8BF211F9E028500E04749 /* Favorite.swift */; };
		5BEB970A1F9D5B2D0012C979 /* Activity.swift in Sources */ = {isa = PBXBuildFile; fileRef = 5BEB97091F9D5B2D0012C979 /* Activity.swift */; };
/* End PBXBuildFile section */

/* Begin PBXFileReference section */
		0D9740DD79346CF2ED6BB1A3 /* Pods-FootyScores.release.xcconfig */ = {isa = PBXFileReference; includeInIndex = 1; lastKnownFileType = text.xcconfig; name = "Pods-FootyScores.release.xcconfig"; path = "Pods/Target Support Files/Pods-FootyScores/Pods-FootyScores.release.xcconfig"; sourceTree = "<group>"; };
		1F22B09148202B780B08F9F4 /* Pods_FootyScores.framework */ = {isa = PBXFileReference; explicitFileType = wrapper.framework; includeInIndex = 0; path = Pods_FootyScores.framework; sourceTree = BUILT_PRODUCTS_DIR; };
		5B05E6491F9D56E300E62B75 /* EventDetailTableViewCell.swift */ = {isa = PBXFileReference; lastKnownFileType = sourcecode.swift; path = EventDetailTableViewCell.swift; sourceTree = "<group>"; };
		5B067DDC1F9D3F5C00AA3EBB /* EventsDetailViewController.swift */ = {isa = PBXFileReference; lastKnownFileType = sourcecode.swift; path = EventsDetailViewController.swift; sourceTree = "<group>"; };
		5B14C8F81F9414E0002E16D6 /* FootyScores.app */ = {isa = PBXFileReference; explicitFileType = wrapper.application; includeInIndex = 0; path = FootyScores.app; sourceTree = BUILT_PRODUCTS_DIR; };
		5B14C8FB1F9414E0002E16D6 /* AppDelegate.swift */ = {isa = PBXFileReference; lastKnownFileType = sourcecode.swift; path = AppDelegate.swift; sourceTree = "<group>"; };
		5B14C8FD1F9414E0002E16D6 /* EventsViewController.swift */ = {isa = PBXFileReference; lastKnownFileType = sourcecode.swift; path = EventsViewController.swift; sourceTree = "<group>"; };
		5B14C8FF1F9414E0002E16D6 /* FavoritesViewController.swift */ = {isa = PBXFileReference; lastKnownFileType = sourcecode.swift; path = FavoritesViewController.swift; sourceTree = "<group>"; };
		5B14C9021F9414E0002E16D6 /* Base */ = {isa = PBXFileReference; lastKnownFileType = file.storyboard; name = Base; path = Base.lproj/Main.storyboard; sourceTree = "<group>"; };
		5B14C9041F9414E0002E16D6 /* Assets.xcassets */ = {isa = PBXFileReference; lastKnownFileType = folder.assetcatalog; path = Assets.xcassets; sourceTree = "<group>"; };
		5B14C9071F9414E0002E16D6 /* Base */ = {isa = PBXFileReference; lastKnownFileType = file.storyboard; name = Base; path = Base.lproj/LaunchScreen.storyboard; sourceTree = "<group>"; };
		5B14C9091F9414E0002E16D6 /* Info.plist */ = {isa = PBXFileReference; lastKnownFileType = text.plist.xml; path = Info.plist; sourceTree = "<group>"; };
		5B55E2181F9B8624001A9981 /* SwiftyJSON.framework */ = {isa = PBXFileReference; explicitFileType = wrapper.framework; path = SwiftyJSON.framework; sourceTree = BUILT_PRODUCTS_DIR; };
		5B55E21A1F9B862C001A9981 /* Alamofire.framework */ = {isa = PBXFileReference; explicitFileType = wrapper.framework; path = Alamofire.framework; sourceTree = BUILT_PRODUCTS_DIR; };
		5B58F6F71F9C077B00A027BB /* DateUtil.swift */ = {isa = PBXFileReference; lastKnownFileType = sourcecode.swift; path = DateUtil.swift; sourceTree = "<group>"; };
		5B6D71001F9687EC00445813 /* ApiFootballClient.swift */ = {isa = PBXFileReference; lastKnownFileType = sourcecode.swift; path = ApiFootballClient.swift; sourceTree = "<group>"; };
		5B6D71031F968C9400445813 /* EventService.swift */ = {isa = PBXFileReference; lastKnownFileType = sourcecode.swift; path = EventService.swift; sourceTree = "<group>"; };
		5B6D71061F968F5B00445813 /* Event.swift */ = {isa = PBXFileReference; lastKnownFileType = sourcecode.swift; path = Event.swift; sourceTree = "<group>"; };
		5B7032291F9536DE0022147F /* EventTableViewCell.swift */ = {isa = PBXFileReference; lastKnownFileType = sourcecode.swift; path = EventTableViewCell.swift; sourceTree = "<group>"; };
		5B90FDF21F9DF7810085215F /* NotificationService.swift */ = {isa = PBXFileReference; lastKnownFileType = sourcecode.swift; path = NotificationService.swift; sourceTree = "<group>"; };
		5B96B94B1F9B85070035E72E /* SwipeCellKit.framework */ = {isa = PBXFileReference; explicitFileType = wrapper.framework; path = SwipeCellKit.framework; sourceTree = BUILT_PRODUCTS_DIR; };
		5BAE47A11F9D4E9800DEA537 /* Card.swift */ = {isa = PBXFileReference; lastKnownFileType = sourcecode.swift; path = Card.swift; sourceTree = "<group>"; };
		5BAE47A31F9D4F1B00DEA537 /* Goal.swift */ = {isa = PBXFileReference; lastKnownFileType = sourcecode.swift; path = Goal.swift; sourceTree = "<group>"; };
		5BBD4F871F9ABC48001245EC /* EventsTableViewDataSource.swift */ = {isa = PBXFileReference; lastKnownFileType = sourcecode.swift; path = EventsTableViewDataSource.swift; sourceTree = "<group>"; };
		5BBD4F8D1F9AC2B8001245EC /* FootyScores.xcdatamodel */ = {isa = PBXFileReference; lastKnownFileType = wrapper.xcdatamodel; path = FootyScores.xcdatamodel; sourceTree = "<group>"; };
		5BC8BF1F1F9DFD1000E04749 /* FavoriteService.swift */ = {isa = PBXFileReference; lastKnownFileType = sourcecode.swift; path = FavoriteService.swift; sourceTree = "<group>"; };
		5BC8BF211F9E028500E04749 /* Favorite.swift */ = {isa = PBXFileReference; lastKnownFileType = sourcecode.swift; path = Favorite.swift; sourceTree = "<group>"; };
		5BEB97091F9D5B2D0012C979 /* Activity.swift */ = {isa = PBXFileReference; lastKnownFileType = sourcecode.swift; path = Activity.swift; sourceTree = "<group>"; };
		D06FD86BA61B0C6B6CB33DB3 /* Pods-FootyScores.debug.xcconfig */ = {isa = PBXFileReference; includeInIndex = 1; lastKnownFileType = text.xcconfig; name = "Pods-FootyScores.debug.xcconfig"; path = "Pods/Target Support Files/Pods-FootyScores/Pods-FootyScores.debug.xcconfig"; sourceTree = "<group>"; };
/* End PBXFileReference section */

/* Begin PBXFrameworksBuildPhase section */
		5B14C8F51F9414E0002E16D6 /* Frameworks */ = {
			isa = PBXFrameworksBuildPhase;
			buildActionMask = 2147483647;
			files = (
				24E525C5E3031ACD72A7CC25 /* Pods_FootyScores.framework in Frameworks */,
				5B55E2171F9B8624001A9981 /* SwiftyJSON.framework in Frameworks */,
				5B55E2191F9B862C001A9981 /* Alamofire.framework in Frameworks */,
			);
			runOnlyForDeploymentPostprocessing = 0;
		};
/* End PBXFrameworksBuildPhase section */

/* Begin PBXGroup section */
		5B14C8EF1F9414E0002E16D6 = {
			isa = PBXGroup;
			children = (
				5B14C8FA1F9414E0002E16D6 /* FootyScores */,
				5B14C8F91F9414E0002E16D6 /* Products */,
				6F564EAD6ABE13FB16017DFA /* Pods */,
				B782CD19F389C08AD971D8A9 /* Frameworks */,
			);
			sourceTree = "<group>";
		};
		5B14C8F91F9414E0002E16D6 /* Products */ = {
			isa = PBXGroup;
			children = (
				5B14C8F81F9414E0002E16D6 /* FootyScores.app */,
			);
			name = Products;
			sourceTree = "<group>";
		};
		5B14C8FA1F9414E0002E16D6 /* FootyScores */ = {
			isa = PBXGroup;
			children = (
				5BBD4F8C1F9AC2B8001245EC /* FootyScores.xcdatamodeld */,
				5B14C90F1F94152C002E16D6 /* Supporting Files */,
				5B6D71051F968C9800445813 /* Services */,
				5B6D71021F96884300445813 /* Clients */,
				5B58F6F91F9C078100A027BB /* Utils */,
				5BEB970C1F9D664A0012C979 /* Events */,
				5BEB970B1F9D662C0012C979 /* EventsDetail */,
				5BEB970D1F9D66510012C979 /* Favorites */,
				5B14C9011F9414E0002E16D6 /* Main.storyboard */,
				5B14C9091F9414E0002E16D6 /* Info.plist */,
			);
			path = FootyScores;
			sourceTree = "<group>";
		};
		5B14C90F1F94152C002E16D6 /* Supporting Files */ = {
			isa = PBXGroup;
			children = (
				5B14C8FB1F9414E0002E16D6 /* AppDelegate.swift */,
				5B14C9041F9414E0002E16D6 /* Assets.xcassets */,
				5B14C9061F9414E0002E16D6 /* LaunchScreen.storyboard */,
			);
			path = "Supporting Files";
			sourceTree = "<group>";
		};
		5B58F6F91F9C078100A027BB /* Utils */ = {
			isa = PBXGroup;
			children = (
				5B58F6F71F9C077B00A027BB /* DateUtil.swift */,
			);
			path = Utils;
			sourceTree = "<group>";
		};
		5B6D71021F96884300445813 /* Clients */ = {
			isa = PBXGroup;
			children = (
				5B6D71001F9687EC00445813 /* ApiFootballClient.swift */,
				5B6D71061F968F5B00445813 /* Event.swift */,
				5BAE47A11F9D4E9800DEA537 /* Card.swift */,
				5BEB97091F9D5B2D0012C979 /* Activity.swift */,
				5BAE47A31F9D4F1B00DEA537 /* Goal.swift */,
			);
			path = Clients;
			sourceTree = "<group>";
		};
		5B6D71051F968C9800445813 /* Services */ = {
			isa = PBXGroup;
			children = (
				5B6D71031F968C9400445813 /* EventService.swift */,
				5B90FDF21F9DF7810085215F /* NotificationService.swift */,
				5BC8BF1F1F9DFD1000E04749 /* FavoriteService.swift */,
			);
			path = Services;
			sourceTree = "<group>";
		};
		5BEB970B1F9D662C0012C979 /* EventsDetail */ = {
			isa = PBXGroup;
			children = (
				5B067DDC1F9D3F5C00AA3EBB /* EventsDetailViewController.swift */,
				5B05E6491F9D56E300E62B75 /* EventDetailTableViewCell.swift */,
			);
			path = EventsDetail;
			sourceTree = "<group>";
		};
		5BEB970C1F9D664A0012C979 /* Events */ = {
			isa = PBXGroup;
			children = (
				5B14C8FD1F9414E0002E16D6 /* EventsViewController.swift */,
				5BBD4F871F9ABC48001245EC /* EventsTableViewDataSource.swift */,
				5B7032291F9536DE0022147F /* EventTableViewCell.swift */,
			);
			path = Events;
			sourceTree = "<group>";
		};
		5BEB970D1F9D66510012C979 /* Favorites */ = {
			isa = PBXGroup;
			children = (
				5B14C8FF1F9414E0002E16D6 /* FavoritesViewController.swift */,
				5BC8BF211F9E028500E04749 /* Favorite.swift */,
			);
			path = Favorites;
			sourceTree = "<group>";
		};
		6F564EAD6ABE13FB16017DFA /* Pods */ = {
			isa = PBXGroup;
			children = (
				D06FD86BA61B0C6B6CB33DB3 /* Pods-FootyScores.debug.xcconfig */,
				0D9740DD79346CF2ED6BB1A3 /* Pods-FootyScores.release.xcconfig */,
			);
			name = Pods;
			sourceTree = "<group>";
		};
		B782CD19F389C08AD971D8A9 /* Frameworks */ = {
			isa = PBXGroup;
			children = (
				5B96B94B1F9B85070035E72E /* SwipeCellKit.framework */,
				1F22B09148202B780B08F9F4 /* Pods_FootyScores.framework */,
				5B55E2181F9B8624001A9981 /* SwiftyJSON.framework */,
				5B55E21A1F9B862C001A9981 /* Alamofire.framework */,
			);
			name = Frameworks;
			sourceTree = "<group>";
		};
/* End PBXGroup section */

/* Begin PBXNativeTarget section */
		5B14C8F71F9414E0002E16D6 /* FootyScores */ = {
			isa = PBXNativeTarget;
			buildConfigurationList = 5B14C90C1F9414E0002E16D6 /* Build configuration list for PBXNativeTarget "FootyScores" */;
			buildPhases = (
				E026091D66EC59476227AF11 /* [CP] Check Pods Manifest.lock */,
				5B14C8F41F9414E0002E16D6 /* Sources */,
				5B14C8F51F9414E0002E16D6 /* Frameworks */,
				5B14C8F61F9414E0002E16D6 /* Resources */,
				9169E70778A75D3B26A2DC2D /* [CP] Embed Pods Frameworks */,
				8C733FF03A92D14C14F19C8D /* [CP] Copy Pods Resources */,
			);
			buildRules = (
			);
			dependencies = (
			);
			name = FootyScores;
			productName = FootyScores;
			productReference = 5B14C8F81F9414E0002E16D6 /* FootyScores.app */;
			productType = "com.apple.product-type.application";
		};
/* End PBXNativeTarget section */

/* Begin PBXProject section */
		5B14C8F01F9414E0002E16D6 /* Project object */ = {
			isa = PBXProject;
			attributes = {
				LastSwiftUpdateCheck = 0900;
				LastUpgradeCheck = 0900;
				ORGANIZATIONNAME = "Ramon Schriks";
				TargetAttributes = {
					5B14C8F71F9414E0002E16D6 = {
						CreatedOnToolsVersion = 9.0;
						ProvisioningStyle = Automatic;
					};
				};
			};
			buildConfigurationList = 5B14C8F31F9414E0002E16D6 /* Build configuration list for PBXProject "FootyScores" */;
			compatibilityVersion = "Xcode 8.0";
			developmentRegion = en;
			hasScannedForEncodings = 0;
			knownRegions = (
				en,
				Base,
			);
			mainGroup = 5B14C8EF1F9414E0002E16D6;
			productRefGroup = 5B14C8F91F9414E0002E16D6 /* Products */;
			projectDirPath = "";
			projectRoot = "";
			targets = (
				5B14C8F71F9414E0002E16D6 /* FootyScores */,
			);
		};
/* End PBXProject section */

/* Begin PBXResourcesBuildPhase section */
		5B14C8F61F9414E0002E16D6 /* Resources */ = {
			isa = PBXResourcesBuildPhase;
			buildActionMask = 2147483647;
			files = (
				5B14C9081F9414E0002E16D6 /* LaunchScreen.storyboard in Resources */,
				5B14C9051F9414E0002E16D6 /* Assets.xcassets in Resources */,
				5B14C9031F9414E0002E16D6 /* Main.storyboard in Resources */,
			);
			runOnlyForDeploymentPostprocessing = 0;
		};
/* End PBXResourcesBuildPhase section */

/* Begin PBXShellScriptBuildPhase section */
		8C733FF03A92D14C14F19C8D /* [CP] Copy Pods Resources */ = {
			isa = PBXShellScriptBuildPhase;
			buildActionMask = 2147483647;
			files = (
			);
			inputPaths = (
			);
			name = "[CP] Copy Pods Resources";
			outputPaths = (
			);
			runOnlyForDeploymentPostprocessing = 0;
			shellPath = /bin/sh;
			shellScript = "\"${SRCROOT}/Pods/Target Support Files/Pods-FootyScores/Pods-FootyScores-resources.sh\"\n";
			showEnvVarsInLog = 0;
		};
		9169E70778A75D3B26A2DC2D /* [CP] Embed Pods Frameworks */ = {
			isa = PBXShellScriptBuildPhase;
			buildActionMask = 2147483647;
			files = (
			);
			inputPaths = (
				"${SRCROOT}/Pods/Target Support Files/Pods-FootyScores/Pods-FootyScores-frameworks.sh",
				"${BUILT_PRODUCTS_DIR}/Alamofire/Alamofire.framework",
				"${BUILT_PRODUCTS_DIR}/SwiftyJSON/SwiftyJSON.framework",
			);
			name = "[CP] Embed Pods Frameworks";
			outputPaths = (
				"${TARGET_BUILD_DIR}/${FRAMEWORKS_FOLDER_PATH}/Alamofire.framework",
				"${TARGET_BUILD_DIR}/${FRAMEWORKS_FOLDER_PATH}/SwiftyJSON.framework",
			);
			runOnlyForDeploymentPostprocessing = 0;
			shellPath = /bin/sh;
			shellScript = "\"${SRCROOT}/Pods/Target Support Files/Pods-FootyScores/Pods-FootyScores-frameworks.sh\"\n";
			showEnvVarsInLog = 0;
		};
		E026091D66EC59476227AF11 /* [CP] Check Pods Manifest.lock */ = {
			isa = PBXShellScriptBuildPhase;
			buildActionMask = 2147483647;
			files = (
			);
			inputPaths = (
				"${PODS_PODFILE_DIR_PATH}/Podfile.lock",
				"${PODS_ROOT}/Manifest.lock",
			);
			name = "[CP] Check Pods Manifest.lock";
			outputPaths = (
				"$(DERIVED_FILE_DIR)/Pods-FootyScores-checkManifestLockResult.txt",
			);
			runOnlyForDeploymentPostprocessing = 0;
			shellPath = /bin/sh;
			shellScript = "diff \"${PODS_PODFILE_DIR_PATH}/Podfile.lock\" \"${PODS_ROOT}/Manifest.lock\" > /dev/null\nif [ $? != 0 ] ; then\n    # print error to STDERR\n    echo \"error: The sandbox is not in sync with the Podfile.lock. Run 'pod install' or update your CocoaPods installation.\" >&2\n    exit 1\nfi\n# This output is used by Xcode 'outputs' to avoid re-running this script phase.\necho \"SUCCESS\" > \"${SCRIPT_OUTPUT_FILE_0}\"\n";
			showEnvVarsInLog = 0;
		};
/* End PBXShellScriptBuildPhase section */

/* Begin PBXSourcesBuildPhase section */
		5B14C8F41F9414E0002E16D6 /* Sources */ = {
			isa = PBXSourcesBuildPhase;
			buildActionMask = 2147483647;
			files = (
				5BEB970A1F9D5B2D0012C979 /* Activity.swift in Sources */,
				5B6D71041F968C9400445813 /* EventService.swift in Sources */,
				5BC8BF201F9DFD1000E04749 /* FavoriteService.swift in Sources */,
				5B58F6F81F9C077B00A027BB /* DateUtil.swift in Sources */,
				5B70322A1F9536DE0022147F /* EventTableViewCell.swift in Sources */,
				5B05E64A1F9D56E300E62B75 /* EventDetailTableViewCell.swift in Sources */,
				5B14C9001F9414E0002E16D6 /* FavoritesViewController.swift in Sources */,
				5B6D71011F9687ED00445813 /* ApiFootballClient.swift in Sources */,
				5B14C8FC1F9414E0002E16D6 /* AppDelegate.swift in Sources */,
				5B067DDD1F9D3F5C00AA3EBB /* EventsDetailViewController.swift in Sources */,
				5BAE47A21F9D4E9800DEA537 /* Card.swift in Sources */,
				5BAE47A41F9D4F1B00DEA537 /* Goal.swift in Sources */,
				5BBD4F881F9ABC48001245EC /* EventsTableViewDataSource.swift in Sources */,
				5B90FDF31F9DF7810085215F /* NotificationService.swift in Sources */,
				5B6D71071F968F5B00445813 /* Event.swift in Sources */,
				5BC8BF221F9E028500E04749 /* Favorite.swift in Sources */,
				5B14C8FE1F9414E0002E16D6 /* EventsViewController.swift in Sources */,
				5BBD4F8E1F9AC2B8001245EC /* FootyScores.xcdatamodeld in Sources */,
			);
			runOnlyForDeploymentPostprocessing = 0;
		};
/* End PBXSourcesBuildPhase section */

/* Begin PBXVariantGroup section */
		5B14C9011F9414E0002E16D6 /* Main.storyboard */ = {
			isa = PBXVariantGroup;
			children = (
				5B14C9021F9414E0002E16D6 /* Base */,
			);
			name = Main.storyboard;
			sourceTree = "<group>";
		};
		5B14C9061F9414E0002E16D6 /* LaunchScreen.storyboard */ = {
			isa = PBXVariantGroup;
			children = (
				5B14C9071F9414E0002E16D6 /* Base */,
			);
			name = LaunchScreen.storyboard;
			sourceTree = "<group>";
		};
/* End PBXVariantGroup section */

/* Begin XCBuildConfiguration section */
		5B14C90A1F9414E0002E16D6 /* Debug */ = {
			isa = XCBuildConfiguration;
			buildSettings = {
				ALWAYS_SEARCH_USER_PATHS = NO;
				CLANG_ANALYZER_NONNULL = YES;
				CLANG_ANALYZER_NUMBER_OBJECT_CONVERSION = YES_AGGRESSIVE;
				CLANG_CXX_LANGUAGE_STANDARD = "gnu++14";
				CLANG_CXX_LIBRARY = "libc++";
				CLANG_ENABLE_MODULES = YES;
				CLANG_ENABLE_OBJC_ARC = YES;
				CLANG_WARN_BLOCK_CAPTURE_AUTORELEASING = YES;
				CLANG_WARN_BOOL_CONVERSION = YES;
				CLANG_WARN_COMMA = YES;
				CLANG_WARN_CONSTANT_CONVERSION = YES;
				CLANG_WARN_DIRECT_OBJC_ISA_USAGE = YES_ERROR;
				CLANG_WARN_DOCUMENTATION_COMMENTS = YES;
				CLANG_WARN_EMPTY_BODY = YES;
				CLANG_WARN_ENUM_CONVERSION = YES;
				CLANG_WARN_INFINITE_RECURSION = YES;
				CLANG_WARN_INT_CONVERSION = YES;
				CLANG_WARN_NON_LITERAL_NULL_CONVERSION = YES;
				CLANG_WARN_OBJC_LITERAL_CONVERSION = YES;
				CLANG_WARN_OBJC_ROOT_CLASS = YES_ERROR;
				CLANG_WARN_RANGE_LOOP_ANALYSIS = YES;
				CLANG_WARN_STRICT_PROTOTYPES = YES;
				CLANG_WARN_SUSPICIOUS_MOVE = YES;
				CLANG_WARN_UNGUARDED_AVAILABILITY = YES_AGGRESSIVE;
				CLANG_WARN_UNREACHABLE_CODE = YES;
				CLANG_WARN__DUPLICATE_METHOD_MATCH = YES;
				CODE_SIGN_IDENTITY = "iPhone Developer";
				COPY_PHASE_STRIP = NO;
				DEBUG_INFORMATION_FORMAT = dwarf;
				ENABLE_STRICT_OBJC_MSGSEND = YES;
				ENABLE_TESTABILITY = YES;
				GCC_C_LANGUAGE_STANDARD = gnu11;
				GCC_DYNAMIC_NO_PIC = NO;
				GCC_NO_COMMON_BLOCKS = YES;
				GCC_OPTIMIZATION_LEVEL = 0;
				GCC_PREPROCESSOR_DEFINITIONS = (
					"DEBUG=1",
					"$(inherited)",
				);
				GCC_WARN_64_TO_32_BIT_CONVERSION = YES;
				GCC_WARN_ABOUT_RETURN_TYPE = YES_ERROR;
				GCC_WARN_UNDECLARED_SELECTOR = YES;
				GCC_WARN_UNINITIALIZED_AUTOS = YES_AGGRESSIVE;
				GCC_WARN_UNUSED_FUNCTION = YES;
				GCC_WARN_UNUSED_VARIABLE = YES;
				IPHONEOS_DEPLOYMENT_TARGET = 11.0;
				MTL_ENABLE_DEBUG_INFO = YES;
				ONLY_ACTIVE_ARCH = YES;
				SDKROOT = iphoneos;
				SWIFT_ACTIVE_COMPILATION_CONDITIONS = DEBUG;
				SWIFT_OPTIMIZATION_LEVEL = "-Onone";
			};
			name = Debug;
		};
		5B14C90B1F9414E0002E16D6 /* Release */ = {
			isa = XCBuildConfiguration;
			buildSettings = {
				ALWAYS_SEARCH_USER_PATHS = NO;
				CLANG_ANALYZER_NONNULL = YES;
				CLANG_ANALYZER_NUMBER_OBJECT_CONVERSION = YES_AGGRESSIVE;
				CLANG_CXX_LANGUAGE_STANDARD = "gnu++14";
				CLANG_CXX_LIBRARY = "libc++";
				CLANG_ENABLE_MODULES = YES;
				CLANG_ENABLE_OBJC_ARC = YES;
				CLANG_WARN_BLOCK_CAPTURE_AUTORELEASING = YES;
				CLANG_WARN_BOOL_CONVERSION = YES;
				CLANG_WARN_COMMA = YES;
				CLANG_WARN_CONSTANT_CONVERSION = YES;
				CLANG_WARN_DIRECT_OBJC_ISA_USAGE = YES_ERROR;
				CLANG_WARN_DOCUMENTATION_COMMENTS = YES;
				CLANG_WARN_EMPTY_BODY = YES;
				CLANG_WARN_ENUM_CONVERSION = YES;
				CLANG_WARN_INFINITE_RECURSION = YES;
				CLANG_WARN_INT_CONVERSION = YES;
				CLANG_WARN_NON_LITERAL_NULL_CONVERSION = YES;
				CLANG_WARN_OBJC_LITERAL_CONVERSION = YES;
				CLANG_WARN_OBJC_ROOT_CLASS = YES_ERROR;
				CLANG_WARN_RANGE_LOOP_ANALYSIS = YES;
				CLANG_WARN_STRICT_PROTOTYPES = YES;
				CLANG_WARN_SUSPICIOUS_MOVE = YES;
				CLANG_WARN_UNGUARDED_AVAILABILITY = YES_AGGRESSIVE;
				CLANG_WARN_UNREACHABLE_CODE = YES;
				CLANG_WARN__DUPLICATE_METHOD_MATCH = YES;
				CODE_SIGN_IDENTITY = "iPhone Developer";
				COPY_PHASE_STRIP = NO;
				DEBUG_INFORMATION_FORMAT = "dwarf-with-dsym";
				ENABLE_NS_ASSERTIONS = NO;
				ENABLE_STRICT_OBJC_MSGSEND = YES;
				GCC_C_LANGUAGE_STANDARD = gnu11;
				GCC_NO_COMMON_BLOCKS = YES;
				GCC_WARN_64_TO_32_BIT_CONVERSION = YES;
				GCC_WARN_ABOUT_RETURN_TYPE = YES_ERROR;
				GCC_WARN_UNDECLARED_SELECTOR = YES;
				GCC_WARN_UNINITIALIZED_AUTOS = YES_AGGRESSIVE;
				GCC_WARN_UNUSED_FUNCTION = YES;
				GCC_WARN_UNUSED_VARIABLE = YES;
				IPHONEOS_DEPLOYMENT_TARGET = 11.0;
				MTL_ENABLE_DEBUG_INFO = NO;
				SDKROOT = iphoneos;
				SWIFT_OPTIMIZATION_LEVEL = "-Owholemodule";
				VALIDATE_PRODUCT = YES;
			};
			name = Release;
		};
		5B14C90D1F9414E0002E16D6 /* Debug */ = {
			isa = XCBuildConfiguration;
			baseConfigurationReference = D06FD86BA61B0C6B6CB33DB3 /* Pods-FootyScores.debug.xcconfig */;
			buildSettings = {
				ASSETCATALOG_COMPILER_APPICON_NAME = AppIcon;
				CODE_SIGN_STYLE = Automatic;
				DEVELOPMENT_TEAM = 84VM5F8YU8;
				INFOPLIST_FILE = FootyScores/Info.plist;
				LD_RUNPATH_SEARCH_PATHS = "$(inherited) @executable_path/Frameworks";
				PRODUCT_BUNDLE_IDENTIFIER = nl.ica.han.FootyScores;
				PRODUCT_NAME = "$(TARGET_NAME)";
				SWIFT_VERSION = 4.0;
				TARGETED_DEVICE_FAMILY = "1,2";
			};
			name = Debug;
		};
		5B14C90E1F9414E0002E16D6 /* Release */ = {
			isa = XCBuildConfiguration;
			baseConfigurationReference = 0D9740DD79346CF2ED6BB1A3 /* Pods-FootyScores.release.xcconfig */;
			buildSettings = {
				ASSETCATALOG_COMPILER_APPICON_NAME = AppIcon;
				CODE_SIGN_STYLE = Automatic;
				DEVELOPMENT_TEAM = 84VM5F8YU8;
				INFOPLIST_FILE = FootyScores/Info.plist;
				LD_RUNPATH_SEARCH_PATHS = "$(inherited) @executable_path/Frameworks";
				PRODUCT_BUNDLE_IDENTIFIER = nl.ica.han.FootyScores;
				PRODUCT_NAME = "$(TARGET_NAME)";
				SWIFT_VERSION = 4.0;
				TARGETED_DEVICE_FAMILY = "1,2";
			};
			name = Release;
		};
/* End XCBuildConfiguration section */

/* Begin XCConfigurationList section */
		5B14C8F31F9414E0002E16D6 /* Build configuration list for PBXProject "FootyScores" */ = {
			isa = XCConfigurationList;
			buildConfigurations = (
				5B14C90A1F9414E0002E16D6 /* Debug */,
				5B14C90B1F9414E0002E16D6 /* Release */,
			);
			defaultConfigurationIsVisible = 0;
			defaultConfigurationName = Release;
		};
		5B14C90C1F9414E0002E16D6 /* Build configuration list for PBXNativeTarget "FootyScores" */ = {
			isa = XCConfigurationList;
			buildConfigurations = (
				5B14C90D1F9414E0002E16D6 /* Debug */,
				5B14C90E1F9414E0002E16D6 /* Release */,
			);
			defaultConfigurationIsVisible = 0;
			defaultConfigurationName = Release;
		};
/* End XCConfigurationList section */

/* Begin XCVersionGroup section */
		5BBD4F8C1F9AC2B8001245EC /* FootyScores.xcdatamodeld */ = {
			isa = XCVersionGroup;
			children = (
				5BBD4F8D1F9AC2B8001245EC /* FootyScores.xcdatamodel */,
			);
			currentVersion = 5BBD4F8D1F9AC2B8001245EC /* FootyScores.xcdatamodel */;
			name = FootyScores.xcdatamodeld;
			path = Clients/FootyScores.xcdatamodeld;
			sourceTree = "<group>";
			versionGroupType = wrapper.xcdatamodel;
		};
/* End XCVersionGroup section */
	};
	rootObject = 5B14C8F01F9414E0002E16D6 /* Project object */;
}
